
Microsoft Visual Studio Solution File, Format Version 12.00
# Visual Studio Version 17
VisualStudioVersion = 17.8.34525.116
MinimumVisualStudioVersion = 10.0.40219.1
Project("{9A19103F-16F7-4668-BE54-9A1E7A4F7556}") = "Workaround", "Workaround\Workaround.csproj", "{46939C40-B4F5-4FB2-9928-3F46E811A513}"
	ProjectSection(ProjectDependencies) = postProject
		{553D3B00-5C19-4729-AA73-042EAC134209} = {553D3B00-5C19-4729-AA73-042EAC134209}
	EndProjectSection
EndProject
Project("{9A19103F-16F7-4668-BE54-9A1E7A4F7556}") = "Entities", "Entities\Entities.csproj", "{553D3B00-5C19-4729-AA73-042EAC134209}"
EndProject
Project("{9A19103F-16F7-4668-BE54-9A1E7A4F7556}") = "Business", "Business\Business.csproj", "{3698123D-D97A-49B4-B4F6-CEE0E2BE3876}"
EndProject
Global
	GlobalSection(SolutionConfigurationPlatforms) = preSolution
		Debug|Any CPU = Debug|Any CPU
		Release|Any CPU = Release|Any CPU
	EndGlobalSection
	GlobalSection(ProjectConfigurationPlatforms) = postSolution
		{46939C40-B4F5-4FB2-9928-3F46E811A513}.Debug|Any CPU.ActiveCfg = Debug|Any CPU
		{46939C40-B4F5-4FB2-9928-3F46E811A513}.Debug|Any CPU.Build.0 = Debug|Any CPU
		{46939C40-B4F5-4FB2-9928-3F46E811A513}.Release|Any CPU.ActiveCfg = Release|Any CPU
		{46939C40-B4F5-4FB2-9928-3F46E811A513}.Release|Any CPU.Build.0 = Release|Any CPU
		{553D3B00-5C19-4729-AA73-042EAC134209}.Debug|Any CPU.ActiveCfg = Debug|Any CPU
		{553D3B00-5C19-4729-AA73-042EAC134209}.Debug|Any CPU.Build.0 = Debug|Any CPU
		{553D3B00-5C19-4729-AA73-042EAC134209}.Release|Any CPU.ActiveCfg = Release|Any CPU
		{553D3B00-5C19-4729-AA73-042EAC134209}.Release|Any CPU.Build.0 = Release|Any CPU
		{3698123D-D97A-49B4-B4F6-CEE0E2BE3876}.Debug|Any CPU.ActiveCfg = Debug|Any CPU
		{3698123D-D97A-49B4-B4F6-CEE0E2BE3876}.Debug|Any CPU.Build.0 = Debug|Any CPU
		{3698123D-D97A-49B4-B4F6-CEE0E2BE3876}.Release|Any CPU.ActiveCfg = Release|Any CPU
		{3698123D-D97A-49B4-B4F6-CEE0E2BE3876}.Release|Any CPU.Build.0 = Release|Any CPU
	EndGlobalSection
	GlobalSection(SolutionProperties) = preSolution
		HideSolutionNode = FALSE
	EndGlobalSection
	GlobalSection(ExtensibilityGlobals) = postSolution
		SolutionGuid = {D6FBDAE2-23AF-4816-969F-0D6B7A858DF0}
	EndGlobalSection
EndGlobal
